lockfileVersion: '9.0'

settings:
  autoInstallPeers: true
  excludeLinksFromLockfile: false

importers:

  .:
    devDependencies:
      '@types/chrome':
        specifier: ^0.0.270
        version: 0.0.270
      esbuild:
        specifier: ^0.21.0
        version: 0.21.5
      lefthook:
        specifier: ^2.1.6
        version: 2.1.6
      oxfmt:
        specifier: ^0.2.0
        version: 0.2.0
      oxlint:
        specifier: ^1.16.0
        version: 1.63.0
      typescript:
        specifier: ^5.4.0
        version: 5.9.3

packages:

  '@esbuild/aix-ppc64@0.21.5':
    resolution: {integrity: sha512-1SDgH6ZSPTlggy1yI6+Dbkiz8xzpHJEVAlF/AM1tHPLsf5STom9rwtjE4hKAF20FfXXNTFqEYXyJNWh1GiZedQ==}
    engines: {node: '>=12'}
    cpu: [ppc64]
    os: [aix]

  '@esbuild/android-arm64@0.21.5':
    resolution: {integrity: sha512-c0uX9VAUBQ7dTDCjq+wdyGLowMdtR/GoC2U5IYk/7D1H1JYC0qseD7+11iMP2mRLN9RcCMRcjC4YMclCzGwS/A==}
    engines: {node: '>=12'}
    cpu: [arm64]
    os: [android]

  '@esbuild/android-arm@0.21.5':
    resolution: {integrity: sha512-vCPvzSjpPHEi1siZdlvAlsPxXl7WbOVUBBAowWug4rJHb68Ox8KualB+1ocNvT5fjv6wpkX6o/iEpbDrf68zcg==}
    engines: {node: '>=12'}
    cpu: [arm]
    os: [android]

  '@esbuild/android-x64@0.21.5':
    resolution: {integrity: sha512-D7aPRUUNHRBwHxzxRvp856rjUHRFW1SdQATKXH2hqA0kAZb1hKmi02OpYRacl0TxIGz/ZmXWlbZgjwWYaCakTA==}
    engines: {node: '>=12'}
    cpu: [x64]
    os: [android]

  '@esbuild/darwin-arm64@0.21.5':
    resolution: {integrity: sha512-DwqXqZyuk5AiWWf3UfLiRDJ5EDd49zg6O9wclZ7kUMv2WRFr4HKjXp/5t8JZ11QbQfUS6/cRCKGwYhtNAY88kQ==}
    engines: {node: '>=12'}
    cpu: [arm64]
    os: [darwin]

  '@esbuild/darwin-x64@0.21.5':
    resolution: {integrity: sha512-se/JjF8NlmKVG4kNIuyWMV/22ZaerB+qaSi5MdrXtd6R08kvs2qCN4C09miupktDitvh8jRFflwGFBQcxZRjbw==}
    engines: {node: '>=12'}
    cpu: [x64]
    os: [darwin]

  '@esbuild/freebsd-arm64@0.21.5':
    resolution: {integrity: sha512-5JcRxxRDUJLX8JXp/wcBCy3pENnCgBR9bN6JsY4OmhfUtIHe3ZW0mawA7+RDAcMLrMIZaf03NlQiX9DGyB8h4g==}
    engines: {node: '>=12'}
    cpu: [arm64]
    os: [freebsd]

  '@esbuild/freebsd-x64@0.21.5':
    resolution: {integrity: sha512-J95kNBj1zkbMXtHVH29bBriQygMXqoVQOQYA+ISs0/2l3T9/kj42ow2mpqerRBxDJnmkUDCaQT/dfNXWX/ZZCQ==}
    engines: {node: '>=12'}
    cpu: [x64]
    os: [freebsd]

  '@esbuild/linux-arm64@0.21.5':
    resolution: {integrity: sha512-ibKvmyYzKsBeX8d8I7MH/TMfWDXBF3db4qM6sy+7re0YXya+K1cem3on9XgdT2EQGMu4hQyZhan7TeQ8XkGp4Q==}
    engines: {node: '>=12'}
    cpu: [arm64]
    os: [linux]

  '@esbuild/linux-arm@0.21.5':
    resolution: {integrity: sha512-bPb5AHZtbeNGjCKVZ9UGqGwo8EUu4cLq68E95A53KlxAPRmUyYv2D6F0uUI65XisGOL1hBP5mTronbgo+0bFcA==}
    engines: {node: '>=12'}
    cpu: [arm]
    os: [linux]

  '@esbuild/linux-ia32@0.21.5':
    resolution: {integrity: sha512-YvjXDqLRqPDl2dvRODYmmhz4rPeVKYvppfGYKSNGdyZkA01046pLWyRKKI3ax8fbJoK5QbxblURkwK/MWY18Tg==}
    engines: {node: '>=12'}
    cpu: [ia32]
    os: [linux]

  '@esbuild/linux-loong64@0.21.5':
    resolution: {integrity: sha512-uHf1BmMG8qEvzdrzAqg2SIG/02+4/DHB6a9Kbya0XDvwDEKCoC8ZRWI5JJvNdUjtciBGFQ5PuBlpEOXQj+JQSg==}
    engines: {node: '>=12'}
    cpu: [loong64]
    os: [linux]

  '@esbuild/linux-mips64el@0.21.5':
    resolution: {integrity: sha512-IajOmO+KJK23bj52dFSNCMsz1QP1DqM6cwLUv3W1QwyxkyIWecfafnI555fvSGqEKwjMXVLokcV5ygHW5b3Jbg==}
    engines: {node: '>=12'}
    cpu: [mips64el]
    os: [linux]

  '@esbuild/linux-ppc64@0.21.5':
    resolution: {integrity: sha512-1hHV/Z4OEfMwpLO8rp7CvlhBDnjsC3CttJXIhBi+5Aj5r+MBvy4egg7wCbe//hSsT+RvDAG7s81tAvpL2XAE4w==}
    engines: {node: '>=12'}
    cpu: [ppc64]
    os: [linux]

  '@esbuild/linux-riscv64@0.21.5':
    resolution: {integrity: sha512-2HdXDMd9GMgTGrPWnJzP2ALSokE/0O5HhTUvWIbD3YdjME8JwvSCnNGBnTThKGEB91OZhzrJ4qIIxk/SBmyDDA==}
    engines: {node: '>=12'}
    cpu: [riscv64]
    os: [linux]

  '@esbuild/linux-s390x@0.21.5':
    resolution: {integrity: sha512-zus5sxzqBJD3eXxwvjN1yQkRepANgxE9lgOW2qLnmr8ikMTphkjgXu1HR01K4FJg8h1kEEDAqDcZQtbrRnB41A==}
    engines: {node: '>=12'}
    cpu: [s390x]
    os: [linux]

  '@esbuild/linux-x64@0.21.5':
    resolution: {integrity: sha512-1rYdTpyv03iycF1+BhzrzQJCdOuAOtaqHTWJZCWvijKD2N5Xu0TtVC8/+1faWqcP9iBCWOmjmhoH94dH82BxPQ==}
    engines: {node: '>=12'}
    cpu: [x64]
    os: [linux]

  '@esbuild/netbsd-x64@0.21.5':
    resolution: {integrity: sha512-Woi2MXzXjMULccIwMnLciyZH4nCIMpWQAs049KEeMvOcNADVxo0UBIQPfSmxB3CWKedngg7sWZdLvLczpe0tLg==}
    engines: {node: '>=12'}
    cpu: [x64]
    os: [netbsd]

  '@esbuild/openbsd-x64@0.21.5':
    resolution: {integrity: sha512-HLNNw99xsvx12lFBUwoT8EVCsSvRNDVxNpjZ7bPn947b8gJPzeHWyNVhFsaerc0n3TsbOINvRP2byTZ5LKezow==}
    engines: {node: '>=12'}
    cpu: [x64]
    os: [openbsd]

  '@esbuild/sunos-x64@0.21.5':
    resolution: {integrity: sha512-6+gjmFpfy0BHU5Tpptkuh8+uw3mnrvgs+dSPQXQOv3ekbordwnzTVEb4qnIvQcYXq6gzkyTnoZ9dZG+D4garKg==}
    engines: {node: '>=12'}
    cpu: [x64]
    os: [sunos]

  '@esbuild/win32-arm64@0.21.5':
    resolution: {integrity: sha512-Z0gOTd75VvXqyq7nsl93zwahcTROgqvuAcYDUr+vOv8uHhNSKROyU961kgtCD1e95IqPKSQKH7tBTslnS3tA8A==}
    engines: {node: '>=12'}
    cpu: [arm64]
    os: [win32]

  '@esbuild/win32-ia32@0.21.5':
    resolution: {integrity: sha512-SWXFF1CL2RVNMaVs+BBClwtfZSvDgtL//G/smwAc5oVK/UPu2Gu9tIaRgFmYFFKrmg3SyAjSrElf0TiJ1v8fYA==}
    engines: {node: '>=12'}
    cpu: [ia32]
    os: [win32]

  '@esbuild/win32-x64@0.21.5':
    resolution: {integrity: sha512-tQd/1efJuzPC6rCFwEvLtci/xNFcTZknmXs98FYDfGE4wP9ClFV98nyKrzJKVPMhdDnjzLhdUyMX4PsQAPjwIw==}
    engines: {node: '>=12'}
    cpu: [x64]
    os: [win32]

  '@oxfmt/darwin-arm64@0.2.0':
    resolution: {integrity: sha512-NK7iEPqRovUvKac+4dn2ui8v5Y5q6UJ9v4z5Zjr5lmEzTlBwXToP3TwY75IAaCYeu0g8Es7ToJpS7qCQuxUhuA==}
    cpu: [arm64]
    os: [darwin]

  '@oxfmt/darwin-x64@0.2.0':
    resolution: {integrity: sha512-eXDgT+DbIMnA3sWE+w38rOvXaxkP4RvHi41rPpWb9XoRGbM+tOo0c8RYqCIX39n7PizOlbF/xUBh9nMhiW01wQ==}
    cpu: [x64]
    os: [darwin]

  '@oxfmt/linux-arm64-gnu@0.2.0':
    resolution: {integrity: sha512-h4mw9/Lck5X/SU1RPE26VraoBJgn9SOoLl8GnaYvtmRBFHK0v+2KpnBSwMWeiaIxCdJSsrVc9mpKSOcPsen7Cg==}
    cpu: [arm64]
    os: [linux]
    libc: [glibc]

  '@oxfmt/linux-arm64-musl@0.2.0':
    resolution: {integrity: sha512-kDZ/kVCgh9kSczMH2gPXZs+rsY/VcCQ1BoQnND8D3v1Le91LceJ5s/a4XBBA3ADI3NiPdqNmK2ssaxY4BfgXDg==}
    cpu: [arm64]
    os: [linux]
    libc: [musl]

  '@oxfmt/linux-x64-gnu@0.2.0':
    resolution: {integrity: sha512-qvf6cNuf4z3yjzjSvg4Jwr88jDyeFaYPU+4dBWVr6fdWhAA+BIuIvurJWYQGvWNNSkobVWH3A7m+wp+h5fNsSg==}
    cpu: [x64]
    os: [linux]
    libc: [glibc]

  '@oxfmt/linux-x64-musl@0.2.0':
    resolution: {integrity: sha512-D0rw4BVLHEbtMB6p9e+Ph7Y/56oD1DRP4Qcbbv1B1w0kJanWBB3vMH+v2rqgeYsErqJOtLpYRkPFmJSU9In2HA==}
    cpu: [x64]
    os: [linux]
    libc: [musl]

  '@oxfmt/win32-arm64@0.2.0':
    resolution: {integrity: sha512-QM0fP8YUvBNyuNa6d+jNonV34A6zGvvQ2mX93wnERpX25jIbFKljKiKDiWo2M1nUsW8zL2z4ESEeaLO9bx8djg==}
    cpu: [arm64]
    os: [win32]

  '@oxfmt/win32-x64@0.2.0':
    resolution: {integrity: sha512-WkFXliDbwFiziBSfvWXeM0Y3x07Kxxrl39kgsp+N3n5QgzsM8q6qe094+OW+hItDQ+9SSd2y9u231sMCsKxlog==}
    cpu: [x64]
    os: [win32]

  '@oxlint/binding-android-arm-eabi@1.63.0':
    resolution: {integrity: sha512-A9xLtQt7i0OA1PoB/meog6kikXI9CdwEp7ZwQqmgnpKn3G3b1orvTDy8CQ6T7w1HvDrgWGB78PkFKcWgibcTCg==}
    engines: {node: ^20.19.0 || >=22.12.0}
    cpu: [arm]
    os: [android]

  '@oxlint/binding-android-arm64@1.63.0':
    resolution: {integrity: sha512-SQo+ZMvdR9l3CxZp5W5gFNxSiDxclY6lOzzNpKYLF8asESpm3Pwumx0gER5T7aHLF1/2BAAtLD3DiDkdgy4V1A==}
    engines: {node: ^20.19.0 || >=22.12.0}
    cpu: [arm64]
    os: [android]

  '@oxlint/binding-darwin-arm64@1.63.0':
    resolution: {integrity: sha512-6W82XjJDTmMnjg30427l0dufpnyLoq7wEukKdM6/g2VIybRVuQiBVh43EA4b+UxZ3+tLcKm+Or/pXGNgLCEU8g==}
    engines: {node: ^20.19.0 || >=22.12.0}
    cpu: [arm64]
    os: [darwin]

  '@oxlint/binding-darwin-x64@1.63.0':
    resolution: {integrity: sha512-CnWd/YCuVG5W1BYkjJEVbJG11o526O9qAwBEQM+nh8K19CRFUkFdROXCyYkGmroHEYQe4vgQ6+lh3550Lp35Xw==}
    engines: {node: ^20.19.0 || >=22.12.0}
    cpu: [x64]
    os: [darwin]

  '@oxlint/binding-freebsd-x64@1.63.0':
    resolution: {integrity: sha512-a4eZAqrmtajqcxfdAzC+l7g3PaE3V8hpAYqqeD3fTxLXOMFdK3eNTZrU80n4dDEVm0JXy1aL5PqvqWldBl6zYA==}
    engines: {node: ^20.19.0 || >=22.12.0}
    cpu: [x64]
    os: [freebsd]

  '@oxlint/binding-linux-arm-gnueabihf@1.63.0':
    resolution: {integrity: sha512-tYUtU9TdbU3uXF5D62g5zXJ13iniFGhXQx5vp9cyEjGdbSAY3VdFBSaldYvyoDmgMZ0ZYuwQP1Y4t2Fhejwa0w==}
    engines: {node: ^20.19.0 || >=22.12.0}
    cpu: [arm]
    os: [linux]

  '@oxlint/binding-linux-arm-musleabihf@1.63.0':
    resolution: {integrity: sha512-I5r3twFf776UZg9dmRo2xbrKt00tTkORXEVe0ctg4vdTkQvJAjiCHxnbAU2HL1AiJ9cqADA76MAliuilsAWnvg==}
    engines: {node: ^20.19.0 || >=22.12.0}
    cpu: [arm]
    os: [linux]

  '@oxlint/binding-linux-arm64-gnu@1.63.0':
    resolution: {integrity: sha512-t7ltUkg6FFh4b564QyGir8xIj/QZbXu8FlcRkcyW9+ztr/mfRHlvUOFd95pJCXi9s/L5DrUeWWgpXRS+V+6igQ==}
    engines: {node: ^20.19.0 || >=22.12.0}
    cpu: [arm64]
    os: [linux]
    libc: [glibc]

  '@oxlint/binding-linux-arm64-musl@1.63.0':
    resolution: {integrity: sha512-Q5mmZy/XWjuYFUuQyYjOvZ5U/JkKEwnpir6hGxhh6HcdP0V/BKxLo8dqkfF/t7r7AguB17dfS/8+go5AQDRR6g==}
    engines: {node: ^20.19.0 || >=22.12.0}
    cpu: [arm64]
    os: [linux]
    libc: [musl]

  '@oxlint/binding-linux-ppc64-gnu@1.63.0':
    resolution: {integrity: sha512-uBGtuZ0TzLB4x5wVa82HGNvYqY8buwDhyCnCP0R0gkk9szqVsP0MeTtD5HX7EsEuFIt+aYmYxuxeVxs3nTSwtQ==}
    engines: {node: ^20.19.0 || >=22.12.0}
    cpu: [ppc64]
    os: [linux]
    libc: [glibc]

  '@oxlint/binding-linux-riscv64-gnu@1.63.0':
    resolution: {integrity: sha512-h4s6FwxE+9MeA181o0dnDwHP32Y/bG8EiB/vrD6Ib+AMt6haigDc/0bUtI/sLmQDBMJnUfaCmtSSrEAqjtEVrA==}
    engines: {node: ^20.19.0 || >=22.12.0}
    cpu: [riscv64]
    os: [linux]
    libc: [glibc]

  '@oxlint/binding-linux-riscv64-musl@1.63.0':
    resolution: {integrity: sha512-2EaNcCBR8Mcjl5ARtuN3BdEpVkX7KpjSjMGZ/mJMIeaXgTtdz5ytg2VwygMSStA/k0ixfvZFoZOfjDEcouV5vQ==}
    engines: {node: ^20.19.0 || >=22.12.0}
    cpu: [riscv64]
    os: [linux]
    libc: [musl]

  '@oxlint/binding-linux-s390x-gnu@1.63.0':
    resolution: {integrity: sha512-p4hlf/fd7TrYYl3QrWWD0GocqJefwMu3cHQhmi2FvEB/YOvFb5DZN3SMBaPi7B1TM5DeypkEtrVib674q1KKPg==}
    engines: {node: ^20.19.0 || >=22.12.0}
    cpu: [s390x]
    os: [linux]
    libc: [glibc]

  '@oxlint/binding-linux-x64-gnu@1.63.0':
    resolution: {integrity: sha512-Vgq9rkRVcPcjbcH+ihYTfpeR7vCXfqpd+z5ItTGc0yYUV59L5ceHYN1iV4H9bKGV7Rn5hkVc7x3mSvHegduENA==}
    engines: {node: ^20.19.0 || >=22.12.0}
    cpu: [x64]
    os: [linux]
    libc: [glibc]

  '@oxlint/binding-linux-x64-musl@1.63.0':
    resolution: {integrity: sha512-3/Lkq/ncooA61rorrC+ZQed1Bc4VpGj+WnGsp58zmxKgvZ2vhreu+dcVyr3mX8NUpq7mfZ4gDDTou/yrF1Pd7A==}
    engines: {node: ^20.19.0 || >=22.12.0}
    cpu: [x64]
    os: [linux]
    libc: [musl]

  '@oxlint/binding-openharmony-arm64@1.63.0':
    resolution: {integrity: sha512-0/EdD/6hDkx5Mfd769PTjvEM8mZ/6Dfukp1dBCL/2PjlIVGEtYdNZyok6ChqYPsT9JcFnlQnUeQzO0/1L/oC9w==}
    engines: {node: ^20.19.0 || >=22.12.0}
    cpu: [arm64]
    os: [openharmony]

  '@oxlint/binding-win32-arm64-msvc@1.63.0':
    resolution: {integrity: sha512-wb0CUkN8ngwPiRQBjD1Cj0LsHeNvm+Xt6YBHDMtj2DVQVD6Oj8Ri7g6BD+KICf6LaBqZlmzOvy6nF9E/8yyGOg==}
    engines: {node: ^20.19.0 || >=22.12.0}
    cpu: [arm64]
    os: [win32]

  '@oxlint/binding-win32-ia32-msvc@1.63.0':
    resolution: {integrity: sha512-BX5iq+ovdNlVYhSn5qPMUIT0uwAwt2lmEnCnzK+Gkhw4DovIvhGb96OFhV8yzQNUnQxn/xGkOR+X+BLrLDNm8w==}
    engines: {node: ^20.19.0 || >=22.12.0}
    cpu: [ia32]
    os: [win32]

  '@oxlint/binding-win32-x64-msvc@1.63.0':
    resolution: {integrity: sha512-QeN/WELOfsXMeYwxvfgQrl6CbVftYUCZsGXHjXQd5Trccm8+i4gmtxaOui4xbJQaiDlviF8F3yLSBloQUeFsfA==}
    engines: {node: ^20.19.0 || >=22.12.0}
    cpu: [x64]
    os: [win32]

  '@types/chrome@0.0.270':
    resolution: {integrity: sha512-ADvkowV7YnJfycZZxL2brluZ6STGW+9oKG37B422UePf2PCXuFA/XdERI0T18wtuWPx0tmFeZqq6MOXVk1IC+Q==}

  '@types/filesystem@0.0.36':
    resolution: {integrity: sha512-vPDXOZuannb9FZdxgHnqSwAG/jvdGM8Wq+6N4D/d80z+D4HWH+bItqsZaVRQykAn6WEVeEkLm2oQigyHtgb0RA==}

  '@types/filewriter@0.0.33':
    resolution: {integrity: sha512-xFU8ZXTw4gd358lb2jw25nxY9QAgqn2+bKKjKOYfNCzN4DKCFetK7sPtrlpg66Ywe3vWY9FNxprZawAh9wfJ3g==}

  '@types/har-format@1.2.16':
    resolution: {integrity: sha512-fluxdy7ryD3MV6h8pTfTYpy/xQzCFC7m89nOH9y94cNqJ1mDIDPut7MnRHI3F6qRmh/cT2fUjG1MLdCNb4hE9A==}

  esbuild@0.21.5:
    resolution: {integrity: sha512-mg3OPMV4hXywwpoDxu3Qda5xCKQi+vCTZq8S9J/EpkhB2HzKXq4SNFZE3+NK93JYxc8VMSep+lOUSC/RVKaBqw==}
    engines: {node: '>=12'}
    hasBin: true

  lefthook-darwin-arm64@2.1.6:
    resolution: {integrity: sha512-hyB7eeiX78BS66f70byTJacDLC/xV1vgMv9n+idFUsrM7J3Udd/ag9Ag5NP3t0eN0EqQqAtrNnt35EH01lxnRQ==}
    cpu: [arm64]
    os: [darwin]

  lefthook-darwin-x64@2.1.6:
    resolution: {integrity: sha512-5Ka6cFxiH83krt+OMRQtmS6zqoZR5SLXSudLjTbZA1c3ZqF0+dqkeb4XcB6plx6WR0GFizabuc6Bi3iXPIe1eQ==}
    cpu: [x64]
    os: [darwin]

  lefthook-freebsd-arm64@2.1.6:
    resolution: {integrity: sha512-VswyOg5CVN3rMaOJ2HtnkltiMKgFHW/wouWxXsV8RxSa4tgWOKxM0EmSXi8qc2jX+LRga6B0uOY6toXS01zWxA==}
    cpu: [arm64]
    os: [freebsd]

  lefthook-freebsd-x64@2.1.6:
    resolution: {integrity: sha512-vXsCUFYuVwrVWwcypB7Zt2Hf+5pl1V1la7ZfvGYZaTRURu0zF/XUnMF/nOz/PebGv0f4x/iOWXWwP7E42xRWsg==}
    cpu: [x64]
    os: [freebsd]

  lefthook-linux-arm64@2.1.6:
    resolution: {integrity: sha512-WDJiQhJdZOvKORZd+kF/ms2l6NSsXzdA9ahflyr65V90AC4jES223W8VtEMbGPUtHuGWMEZ/v/XvwlWv0Ioz9g==}
    cpu: [arm64]
    os: [linux]

  lefthook-linux-x64@2.1.6:
    resolution: {integrity: sha512-C18nCd7nTX1AVL4TcvwMmLAO1VI1OuGluIOTjiPkBQ746Ls1HhL5rl//jMPACmT28YmxIQJ2ZcLPNmhvEVBZvw==}
    cpu: [x64]
    os: [linux]

  lefthook-openbsd-arm64@2.1.6:
    resolution: {integrity: sha512-mZOMxM8HiPxVFXDO3PtCUbH4GB8rkveXhsgXF27oAZTYVzQ3gO9vT6r/pxit6msqRXz3fvcwimLVJgb8eRsa8A==}
    cpu: [arm64]
    os: [openbsd]

  lefthook-openbsd-x64@2.1.6:
    resolution: {integrity: sha512-sG9ALLZSnnMOfXu+B7SmxFhJhuoAh4bqi5En5aaHJET48TqrLOcWWZuH+7ArFM6gr/U5KfSUvdmHFmY8WqCcIg==}
    cpu: [x64]
    os: [openbsd]

  lefthook-windows-arm64@2.1.6:
    resolution: {integrity: sha512-lD8yFWY4Csuljd0Rqs7EQaySC0VvDf7V3rN1FhRMUISTRDHutebIom1Loc8ckQPvKYGC6mftT9k0GvipsS+Brw==}
    cpu: [arm64]
    os: [win32]

  lefthook-windows-x64@2.1.6:
    resolution: {integrity: sha512-q4z2n3xucLscoWiyMwFViEj3N8MDSkPulMwcJYuCYFHoPhP1h+icqNu7QRLGYj6AnVrCQweiUJY3Tb2X+GbD/A==}
    cpu: [x64]
    os: [win32]

  lefthook@2.1.6:
    resolution: {integrity: sha512-w9sBoR0mdN+kJc3SB85VzpiAAl451/rxdCRcZlwW71QLjkeH3EBQFgc4VMj5apePychYDHAlqEWTB8J8JK/j1Q==}
    hasBin: true

  oxfmt@0.2.0:
    resolution: {integrity: sha512-99bPAiYDiYikUej8U0Slv8pcFVbMe38Ulm+T6bJ4KQgm+UsbgTKCBpWxbD/LRz1CuYw3PRpqfPv6AkQsIAo3Ag==}
    engines: {node: '>=8.*'}
    hasBin: true

  oxlint@1.63.0:
    resolution: {integrity: sha512-9TGXetdjgIHOJ9OiReomP7nnrMkV9HxC1xM2ramJSLQpzxjsAJtQwa4wqkJN2f/uCrqZuJseFuSlWDdvcruveg==}
    engines: {node: ^20.19.0 || >=22.12.0}
    hasBin: true
    peerDependencies:
      oxlint-tsgolint: '>=0.22.1'
    peerDependenciesMeta:
      oxlint-tsgolint:
        optional: true

  typescript@5.9.3:
    resolution: {integrity: sha512-jl1vZzPDinLr9eUt3J/t7V6FgNEw9QjvBPdysz9KfQDD41fQrC2Y4vKQdiaUpFT4bXlb1RHhLpp8wtm6M5TgSw==}
    engines: {node: '>=14.17'}
    hasBin: true

snapshots:

  '@esbuild/aix-ppc64@0.21.5':
    optional: true

  '@esbuild/android-arm64@0.21.5':
    optional: true

  '@esbuild/android-arm@0.21.5':
    optional: true

  '@esbuild/android-x64@0.21.5':
    optional: true

  '@esbuild/darwin-arm64@0.21.5':
    optional: true

  '@esbuild/darwin-x64@0.21.5':
    optional: true

  '@esbuild/freebsd-arm64@0.21.5':
    optional: true

  '@esbuild/freebsd-x64@0.21.5':
    optional: true

  '@esbuild/linux-arm64@0.21.5':
    optional: true

  '@esbuild/linux-arm@0.21.5':
    optional: true

  '@esbuild/linux-ia32@0.21.5':
    optional: true

  '@esbuild/linux-loong64@0.21.5':
    optional: true

  '@esbuild/linux-mips64el@0.21.5':
    optional: true

  '@esbuild/linux-ppc64@0.21.5':
    optional: true

  '@esbuild/linux-riscv64@0.21.5':
    optional: true

  '@esbuild/linux-s390x@0.21.5':
    optional: true

  '@esbuild/linux-x64@0.21.5':
    optional: true

  '@esbuild/netbsd-x64@0.21.5':
    optional: true

  '@esbuild/openbsd-x64@0.21.5':
    optional: true

  '@esbuild/sunos-x64@0.21.5':
    optional: true

  '@esbuild/win32-arm64@0.21.5':
    optional: true

  '@esbuild/win32-ia32@0.21.5':
    optional: true

  '@esbuild/win32-x64@0.21.5':
    optional: true

  '@oxfmt/darwin-arm64@0.2.0':
    optional: true

  '@oxfmt/darwin-x64@0.2.0':
    optional: true

  '@oxfmt/linux-arm64-gnu@0.2.0':
    optional: true

  '@oxfmt/linux-arm64-musl@0.2.0':
    optional: true

  '@oxfmt/linux-x64-gnu@0.2.0':
    optional: true

  '@oxfmt/linux-x64-musl@0.2.0':
    optional: true

  '@oxfmt/win32-arm64@0.2.0':
    optional: true

  '@oxfmt/win32-x64@0.2.0':
    optional: true

  '@oxlint/binding-android-arm-eabi@1.63.0':
    optional: true

  '@oxlint/binding-android-arm64@1.63.0':
    optional: true

  '@oxlint/binding-darwin-arm64@1.63.0':
    optional: true

  '@oxlint/binding-darwin-x64@1.63.0':
    optional: true

  '@oxlint/binding-freebsd-x64@1.63.0':
    optional: true

  '@oxlint/binding-linux-arm-gnueabihf@1.63.0':
    optional: true

  '@oxlint/binding-linux-arm-musleabihf@1.63.0':
    optional: true

  '@oxlint/binding-linux-arm64-gnu@1.63.0':
    optional: true

  '@oxlint/binding-linux-arm64-musl@1.63.0':
    optional: true

  '@oxlint/binding-linux-ppc64-gnu@1.63.0':
    optional: true

  '@oxlint/binding-linux-riscv64-gnu@1.63.0':
    optional: true

  '@oxlint/binding-linux-riscv64-musl@1.63.0':
    optional: true

  '@oxlint/binding-linux-s390x-gnu@1.63.0':
    optional: true

  '@oxlint/binding-linux-x64-gnu@1.63.0':
    optional: true

  '@oxlint/binding-linux-x64-musl@1.63.0':
    optional: true

  '@oxlint/binding-openharmony-arm64@1.63.0':
    optional: true

  '@oxlint/binding-win32-arm64-msvc@1.63.0':
    optional: true

  '@oxlint/binding-win32-ia32-msvc@1.63.0':
    optional: true

  '@oxlint/binding-win32-x64-msvc@1.63.0':
    optional: true

  '@types/chrome@0.0.270':
    dependencies:
      '@types/filesystem': 0.0.36
      '@types/har-format': 1.2.16

  '@types/filesystem@0.0.36':
    dependencies:
      '@types/filewriter': 0.0.33

  '@types/filewriter@0.0.33': {}

  '@types/har-format@1.2.16': {}

  esbuild@0.21.5:
    optionalDependencies:
      '@esbuild/aix-ppc64': 0.21.5
      '@esbuild/android-arm': 0.21.5
      '@esbuild/android-arm64': 0.21.5
      '@esbuild/android-x64': 0.21.5
      '@esbuild/darwin-arm64': 0.21.5
      '@esbuild/darwin-x64': 0.21.5
      '@esbuild/freebsd-arm64': 0.21.5
      '@esbuild/freebsd-x64': 0.21.5
      '@esbuild/linux-arm': 0.21.5
      '@esbuild/linux-arm64': 0.21.5
      '@esbuild/linux-ia32': 0.21.5
      '@esbuild/linux-loong64': 0.21.5
      '@esbuild/linux-mips64el': 0.21.5
      '@esbuild/linux-ppc64': 0.21.5
      '@esbuild/linux-riscv64': 0.21.5
      '@esbuild/linux-s390x': 0.21.5
      '@esbuild/linux-x64': 0.21.5
      '@esbuild/netbsd-x64': 0.21.5
      '@esbuild/openbsd-x64': 0.21.5
      '@esbuild/sunos-x64': 0.21.5
      '@esbuild/win32-arm64': 0.21.5
      '@esbuild/win32-ia32': 0.21.5
      '@esbuild/win32-x64': 0.21.5

  lefthook-darwin-arm64@2.1.6:
    optional: true

  lefthook-darwin-x64@2.1.6:
    optional: true

  lefthook-freebsd-arm64@2.1.6:
    optional: true

  lefthook-freebsd-x64@2.1.6:
    optional: true

  lefthook-linux-arm64@2.1.6:
    optional: true

  lefthook-linux-x64@2.1.6:
    optional: true

  lefthook-openbsd-arm64@2.1.6:
    optional: true

  lefthook-openbsd-x64@2.1.6:
    optional: true

  lefthook-windows-arm64@2.1.6:
    optional: true

  lefthook-windows-x64@2.1.6:
    optional: true

  lefthook@2.1.6:
    optionalDependencies:
      lefthook-darwin-arm64: 2.1.6
      lefthook-darwin-x64: 2.1.6
      lefthook-freebsd-arm64: 2.1.6
      lefthook-freebsd-x64: 2.1.6
      lefthook-linux-arm64: 2.1.6
      lefthook-linux-x64: 2.1.6
      lefthook-openbsd-arm64: 2.1.6
      lefthook-openbsd-x64: 2.1.6
      lefthook-windows-arm64: 2.1.6
      lefthook-windows-x64: 2.1.6

  oxfmt@0.2.0:
    optionalDependencies:
      '@oxfmt/darwin-arm64': 0.2.0
      '@oxfmt/darwin-x64': 0.2.0
      '@oxfmt/linux-arm64-gnu': 0.2.0
      '@oxfmt/linux-arm64-musl': 0.2.0
      '@oxfmt/linux-x64-gnu': 0.2.0
      '@oxfmt/linux-x64-musl': 0.2.0
      '@oxfmt/win32-arm64': 0.2.0
      '@oxfmt/win32-x64': 0.2.0

  oxlint@1.63.0:
    optionalDependencies:
      '@oxlint/binding-android-arm-eabi': 1.63.0
      '@oxlint/binding-android-arm64': 1.63.0
      '@oxlint/binding-darwin-arm64': 1.63.0
      '@oxlint/binding-darwin-x64': 1.63.0
      '@oxlint/binding-freebsd-x64': 1.63.0
      '@oxlint/binding-linux-arm-gnueabihf': 1.63.0
      '@oxlint/binding-linux-arm-musleabihf': 1.63.0
      '@oxlint/binding-linux-arm64-gnu': 1.63.0
      '@oxlint/binding-linux-arm64-musl': 1.63.0
      '@oxlint/binding-linux-ppc64-gnu': 1.63.0
      '@oxlint/binding-linux-riscv64-gnu': 1.63.0
      '@oxlint/binding-linux-riscv64-musl': 1.63.0
      '@oxlint/binding-linux-s390x-gnu': 1.63.0
      '@oxlint/binding-linux-x64-gnu': 1.63.0
      '@oxlint/binding-linux-x64-musl': 1.63.0
      '@oxlint/binding-openharmony-arm64': 1.63.0
      '@oxlint/binding-win32-arm64-msvc': 1.63.0
      '@oxlint/binding-win32-ia32-msvc': 1.63.0
      '@oxlint/binding-win32-x64-msvc': 1.63.0

  typescript@5.9.3: {}
